lockfileVersion: '6.0'

settings:
  autoInstallPeers: true
  excludeLinksFromLockfile: false

importers:

  .:
    devDependencies:
      '@biomejs/biome':
        specifier: 1.6.2
        version: 1.6.2
      turbo:
        specifier: 1.13.0
        version: 1.13.0
      typescript:
        specifier: ^5.4.3
        version: 5.4.3

packages:

  /@biomejs/biome@1.6.2:
    resolution: {integrity: sha512-vw6JhYnpLRRDaawI+d7NaQj17F7LSSJrgT03IQUETwRUG3Q1/a4ByJRphTVXPuhiTnaKVmUlEF3I5NSitcdD+g==}
    engines: {node: '>=14.*'}
    hasBin: true
    requiresBuild: true
    optionalDependencies:
      '@biomejs/cli-darwin-arm64': 1.6.2
      '@biomejs/cli-darwin-x64': 1.6.2
      '@biomejs/cli-linux-arm64': 1.6.2
      '@biomejs/cli-linux-arm64-musl': 1.6.2
      '@biomejs/cli-linux-x64': 1.6.2
      '@biomejs/cli-linux-x64-musl': 1.6.2
      '@biomejs/cli-win32-arm64': 1.6.2
      '@biomejs/cli-win32-x64': 1.6.2
    dev: true

  /@biomejs/cli-darwin-arm64@1.6.2:
    resolution: {integrity: sha512-2sGcNO1wDuQ6r97/SDaPzP3ehrCL7qHXpVggcB/OonbVBEamqIkN1tHsID/snnX3R2ax2QTarjb4bQ+1BpEWzA==}
    engines: {node: '>=14.*'}
    cpu: [arm64]
    os: [darwin]
    requiresBuild: true
    dev: true
    optional: true

  /@biomejs/cli-darwin-x64@1.6.2:
    resolution: {integrity: sha512-qtHDXIHd7eRIHv41XdG6pt1dbw+qiD0OgLlJn5rvW20kSSFfLxW8yc4upcC1PzlruP1BQpKFec3r5rx1duTtzw==}
    engines: {node: '>=14.*'}
    cpu: [x64]
    os: [darwin]
    requiresBuild: true
    dev: true
    optional: true

  /@biomejs/cli-linux-arm64-musl@1.6.2:
    resolution: {integrity: sha512-ej3Jj6O9KUSCJUWqVs+9aOo6IcRIALHaGFB20wnQTWtRMFhu1PluM48MrQtMKputgdk5/CopQ662IdKf1PeuEg==}
    engines: {node: '>=14.*'}
    cpu: [arm64]
    os: [linux]
    requiresBuild: true
    dev: true
    optional: true

  /@biomejs/cli-linux-arm64@1.6.2:
    resolution: {integrity: sha512-e1FJ59lx84QoqQgu1/uzAPIcYGcTkZY/m6Aj8ZHwi7KoWAE5xSogximFHNQ82lS4qkUfG7KaPTbYT6cGJjN9jQ==}
    engines: {node: '>=14.*'}
    cpu: [arm64]
    os: [linux]
    requiresBuild: true
    dev: true
    optional: true

  /@biomejs/cli-linux-x64-musl@1.6.2:
    resolution: {integrity: sha512-uOVt4UBkFTFtdXgPX3QuSHRPVIvj07FP0P7A0UOP++idd0r9Bxyt5iIBaAORM3eQyGQqzCGPln1GuM6GalYKzg==}
    engines: {node: '>=14.*'}
    cpu: [x64]
    os: [linux]
    requiresBuild: true
    dev: true
    optional: true

  /@biomejs/cli-linux-x64@1.6.2:
    resolution: {integrity: sha512-S6Wc5YX6aLDLMzwlDmiw/kjK62Ex+xzE432M5ge9q8tSCluGeHIzrenrJlu8E0xPG2FEipDaK4iqwnjS9O6e2A==}
    engines: {node: '>=14.*'}
    cpu: [x64]
    os: [linux]
    requiresBuild: true
    dev: true
    optional: true

  /@biomejs/cli-win32-arm64@1.6.2:
    resolution: {integrity: sha512-5zuxNyvnKy7oLN7KLkqcYpsMKGubfMaeQ+RqnpFsmrofQAxpOo6EL/TyJvr8g533Z0a2/cQ/ALqnwl0mN3KQoQ==}
    engines: {node: '>=14.*'}
    cpu: [arm64]
    os: [win32]
    requiresBuild: true
    dev: true
    optional: true

  /@biomejs/cli-win32-x64@1.6.2:
    resolution: {integrity: sha512-O3nf09/m3cb3/U3M+uO4l236iTZr4F4SmLNG3okKXPfyZqKLNnF6OjdTHOYEiNXnGEtlRuUeemqb3vht9JkXaw==}
    engines: {node: '>=14.*'}
    cpu: [x64]
    os: [win32]
    requiresBuild: true
    dev: true
    optional: true

  /turbo-darwin-64@1.13.0:
    resolution: {integrity: sha512-ctHeJXtQgBcgxnCXwrJTGiq57HtwF7zWz5NTuSv//5yeU01BtQIt62ArKfjudOhRefWJbX3Z5srn88XTb9hfww==}
    cpu: [x64]
    os: [darwin]
    requiresBuild: true
    dev: true
    optional: true

  /turbo-darwin-arm64@1.13.0:
    resolution: {integrity: sha512-/Q9/pNFkF9w83tNxwMpgapwLYdQ12p8mpty2YQRoUiS9ClWkcqe136jR0mtuMqzlNlpREOFZaoyIthjt6Sdo0g==}
    cpu: [arm64]
    os: [darwin]
    requiresBuild: true
    dev: true
    optional: true

  /turbo-linux-64@1.13.0:
    resolution: {integrity: sha512-hgbT7o020BGV4L7Sd8hhFTd5zVKPKxbsr0dPfel/9NkdTmptz2aGZ0Vb2MAa18SY3XaCQpDxmdYuOzvvRpo5ZA==}
    cpu: [x64]
    os: [linux]
    requiresBuild: true
    dev: true
    optional: true

  /turbo-linux-arm64@1.13.0:
    resolution: {integrity: sha512-WK01i2wDZARrV+HEs495A3hNeGMwQR5suYk7G+ceqqW7b+dOTlQdvUjnI3sg7wAnZPgjafFs/hoBaZdJjVa/nw==}
    cpu: [arm64]
    os: [linux]
    requiresBuild: true
    dev: true
    optional: true

  /turbo-windows-64@1.13.0:
    resolution: {integrity: sha512-hJgSZJZwlWHNwLEthaqJqJWGm4NqF5X/I7vE0sPE4i/jeDl8f0n1hcOkgJkJiNXVxhj+qy/9+4dzbPLKT9imaQ==}
    cpu: [x64]
    os: [win32]
    requiresBuild: true
    dev: true
    optional: true

  /turbo-windows-arm64@1.13.0:
    resolution: {integrity: sha512-L/ErxYoXeq8tmjU/AIGicC9VyBN1zdYw8JlM4yPmMI0pJdY8E4GaYK1IiIazqq7M72lmQhU/WW7fV9FqEktwrw==}
    cpu: [arm64]
    os: [win32]
    requiresBuild: true
    dev: true
    optional: true

  /turbo@1.13.0:
    resolution: {integrity: sha512-r02GtNmkOPcQvUzVE6lg474QVLyU02r3yh3lUGqrFHf5h5ZEjgDGWILsAUqplVqjri1Y/oOkTssks4CObTAaiw==}
    hasBin: true
    optionalDependencies:
      turbo-darwin-64: 1.13.0
      turbo-darwin-arm64: 1.13.0
      turbo-linux-64: 1.13.0
      turbo-linux-arm64: 1.13.0
      turbo-windows-64: 1.13.0
      turbo-windows-arm64: 1.13.0
    dev: true

  /typescript@5.4.3:
    resolution: {integrity: sha512-KrPd3PKaCLr78MalgiwJnA25Nm8HAmdwN3mYUYZgG/wizIo9EainNVQI9/yDavtVFRN2h3k8uf3GLHuhDMgEHg==}
    engines: {node: '>=14.17'}
    hasBin: true
    dev: true
